// !$*UTF8*$!
{
	archiveVersion = 1;
	classes = {
	};
	objectVersion = 46;
	objects = {

/* Begin PBXBuildFile section */
		9B86FB4E1879C95A009FE411 /* Foundation.framework in Frameworks */ = {isa = PBXBuildFile; fileRef = 9B86FB4D1879C95A009FE411 /* Foundation.framework */; };
		9B86FB501879C95A009FE411 /* CoreGraphics.framework in Frameworks */ = {isa = PBXBuildFile; fileRef = 9B86FB4F1879C95A009FE411 /* CoreGraphics.framework */; };
		9B86FB521879C95A009FE411 /* UIKit.framework in Frameworks */ = {isa = PBXBuildFile; fileRef = 9B86FB511879C95A009FE411 /* UIKit.framework */; };
		9B86FB581879C95A009FE411 /* InfoPlist.strings in Resources */ = {isa = PBXBuildFile; fileRef = 9B86FB561879C95A009FE411 /* InfoPlist.strings */; };
		9B86FB5A1879C95A009FE411 /* main.m in Sources */ = {isa = PBXBuildFile; fileRef = 9B86FB591879C95A009FE411 /* main.m */; };
		9B86FB5E1879C95A009FE411 /* AppDelegate.m in Sources */ = {isa = PBXBuildFile; fileRef = 9B86FB5D1879C95A009FE411 /* AppDelegate.m */; };
		9B86FB611879C95A009FE411 /* Main.storyboard in Resources */ = {isa = PBXBuildFile; fileRef = 9B86FB5F1879C95A009FE411 /* Main.storyboard */; };
		9B86FB641879C95A009FE411 /* ViewController.m in Sources */ = {isa = PBXBuildFile; fileRef = 9B86FB631879C95A009FE411 /* ViewController.m */; };
		9B86FB661879C95A009FE411 /* Images.xcassets in Resources */ = {isa = PBXBuildFile; fileRef = 9B86FB651879C95A009FE411 /* Images.xcassets */; };
		9B86FB6D1879C95A009FE411 /* XCTest.framework in Frameworks */ = {isa = PBXBuildFile; fileRef = 9B86FB6C1879C95A009FE411 /* XCTest.framework */; };
		9B86FB6E1879C95A009FE411 /* Foundation.framework in Frameworks */ = {isa = PBXBuildFile; fileRef = 9B86FB4D1879C95A009FE411 /* Foundation.framework */; };
		9B86FB6F1879C95A009FE411 /* UIKit.framework in Frameworks */ = {isa = PBXBuildFile; fileRef = 9B86FB511879C95A009FE411 /* UIKit.framework */; };
		9B86FB771879C95A009FE411 /* InfoPlist.strings in Resources */ = {isa = PBXBuildFile; fileRef = 9B86FB751879C95A009FE411 /* InfoPlist.strings */; };
		9B86FB791879C95A009FE411 /* Tax_Assistant_LiteTests.m in Sources */ = {isa = PBXBuildFile; fileRef = 9B86FB781879C95A009FE411 /* Tax_Assistant_LiteTests.m */; };
/* End PBXBuildFile section */

/* Begin PBXContainerItemProxy section */
		9B86FB701879C95A009FE411 /* PBXContainerItemProxy */ = {
			isa = PBXContainerItemProxy;
			containerPortal = 9B86FB421879C95A009FE411 /* Project object */;
			proxyType = 1;
			remoteGlobalIDString = 9B86FB491879C95A009FE411;
			remoteInfo = Tax_Assistant_Lite;
		};
/* End PBXContainerItemProxy section */

/* Begin PBXFileReference section */
		9B86FB4A1879C95A009FE411 /* Tax_Assistant_Lite.app */ = {isa = PBXFileReference; explicitFileType = wrapper.application; includeInIndex = 0; path = Tax_Assistant_Lite.app; sourceTree = BUILT_PRODUCTS_DIR; };
		9B86FB4D1879C95A009FE411 /* Foundation.framework */ = {isa = PBXFileReference; lastKnownFileType = wrapper.framework; name = Foundation.framework; path = System/Library/Frameworks/Foundation.framework; sourceTree = SDKROOT; };
		9B86FB4F1879C95A009FE411 /* CoreGraphics.framework */ = {isa = PBXFileReference; lastKnownFileType = wrapper.framework; name = CoreGraphics.framework; path = System/Library/Frameworks/CoreGraphics.framework; sourceTree = SDKROOT; };
		9B86FB511879C95A009FE411 /* UIKit.framework */ = {isa = PBXFileReference; lastKnownFileType = wrapper.framework; name = UIKit.framework; path = System/Library/Frameworks/UIKit.framework; sourceTree = SDKROOT; };
		9B86FB551879C95A009FE411 /* Tax_Assistant_Lite-Info.plist */ = {isa = PBXFileReference; lastKnownFileType = text.plist.xml; path = "Tax_Assistant_Lite-Info.plist"; sourceTree = "<group>"; };
		9B86FB571879C95A009FE411 /* en */ = {isa = PBXFileReference; lastKnownFileType = text.plist.strings; name = en; path = en.lproj/InfoPlist.strings; sourceTree = "<group>"; };
		9B86FB591879C95A009FE411 /* main.m */ = {isa = PBXFileReference; lastKnownFileType = sourcecode.c.objc; path = main.m; sourceTree = "<group>"; };
		9B86FB5B1879C95A009FE411 /* Tax_Assistant_Lite-Prefix.pch */ = {isa = PBXFileReference; lastKnownFileType = sourcecode.c.h; path = "Tax_Assistant_Lite-Prefix.pch"; sourceTree = "<group>"; };
		9B86FB5C1879C95A009FE411 /* AppDelegate.h */ = {isa = PBXFileReference; lastKnownFileType = sourcecode.c.h; path = AppDelegate.h; sourceTree = "<group>"; };
		9B86FB5D1879C95A009FE411 /* AppDelegate.m */ = {isa = PBXFileReference; lastKnownFileType = sourcecode.c.objc; path = AppDelegate.m; sourceTree = "<group>"; };
		9B86FB601879C95A009FE411 /* Base */ = {isa = PBXFileReference; lastKnownFileType = file.storyboard; name = Base; path = Base.lproj/Main.storyboard; sourceTree = "<group>"; };
		9B86FB621879C95A009FE411 /* ViewController.h */ = {isa = PBXFileReference; lastKnownFileType = sourcecode.c.h; path = ViewController.h; sourceTree = "<group>"; };
		9B86FB631879C95A009FE411 /* ViewController.m */ = {isa = PBXFileReference; lastKnownFileType = sourcecode.c.objc; path = ViewController.m; sourceTree = "<group>"; };
		9B86FB651879C95A009FE411 /* Images.xcassets */ = {isa = PBXFileReference; lastKnownFileType = folder.assetcatalog; path = Images.xcassets; sourceTree = "<group>"; };
		9B86FB6B1879C95A009FE411 /* Tax_Assistant_LiteTests.xctest */ = {isa = PBXFileReference; explicitFileType = wrapper.cfbundle; includeInIndex = 0; path = Tax_Assistant_LiteTests.xctest; sourceTree = BUILT_PRODUCTS_DIR; };
		9B86FB6C1879C95A009FE411 /* XCTest.framework */ = {isa = PBXFileReference; lastKnownFileType = wrapper.framework; name = XCTest.framework; path = Library/Frameworks/XCTest.framework; sourceTree = DEVELOPER_DIR; };
		9B86FB741879C95A009FE411 /* Tax_Assistant_LiteTests-Info.plist */ = {isa = PBXFileReference; lastKnownFileType = text.plist.xml; path = "Tax_Assistant_LiteTests-Info.plist"; sourceTree = "<group>"; };
		9B86FB761879C95A009FE411 /* en */ = {isa = PBXFileReference; lastKnownFileType = text.plist.strings; name = en; path = en.lproj/InfoPlist.strings; sourceTree = "<group>"; };
		9B86FB781879C95A009FE411 /* Tax_Assistant_LiteTests.m */ = {isa = PBXFileReference; lastKnownFileType = sourcecode.c.objc; path = Tax_Assistant_LiteTests.m; sourceTree = "<group>"; };
/* End PBXFileReference section */

/* Begin PBXFrameworksBuildPhase section */
		9B86FB471879C95A009FE411 /* Frameworks */ = {
			isa = PBXFrameworksBuildPhase;
			buildActionMask = 2147483647;
			files = (
				9B86FB501879C95A009FE411 /* CoreGraphics.framework in Frameworks */,
				9B86FB521879C95A009FE411 /* UIKit.framework in Frameworks */,
				9B86FB4E1879C95A009FE411 /* Foundation.framework in Frameworks */,
			);
			runOnlyForDeploymentPostprocessing = 0;
		};
		9B86FB681879C95A009FE411 /* Frameworks */ = {
			isa = PBXFrameworksBuildPhase;
			buildActionMask = 2147483647;
			files = (
				9B86FB6D1879C95A009FE411 /* XCTest.framework in Frameworks */,
				9B86FB6F1879C95A009FE411 /* UIKit.framework in Frameworks */,
				9B86FB6E1879C95A009FE411 /* Foundation.framework in Frameworks */,
			);
			runOnlyForDeploymentPostprocessing = 0;
		};
/* End PBXFrameworksBuildPhase section */

/* Begin PBXGroup section */
		9B86FB411879C95A009FE411 = {
			isa = PBXGroup;
			children = (
				9B86FB531879C95A009FE411 /* Tax_Assistant_Lite */,
				9B86FB721879C95A009FE411 /* Tax_Assistant_LiteTests */,
				9B86FB4C1879C95A009FE411 /* Frameworks */,
				9B86FB4B1879C95A009FE411 /* Products */,
			);
			sourceTree = "<group>";
		};
		9B86FB4B1879C95A009FE411 /* Products */ = {
			isa = PBXGroup;
			children = (
				9B86FB4A1879C95A009FE411 /* Tax_Assistant_Lite.app */,
				9B86FB6B1879C95A009FE411 /* Tax_Assistant_LiteTests.xctest */,
			);
			name = Products;
			sourceTree = "<group>";
		};
		9B86FB4C1879C95A009FE411 /* Frameworks */ = {
			isa = PBXGroup;
			children = (
				9B86FB4D1879C95A009FE411 /* Foundation.framework */,
				9B86FB4F1879C95A009FE411 /* CoreGraphics.framework */,
				9B86FB511879C95A009FE411 /* UIKit.framework */,
				9B86FB6C1879C95A009FE411 /* XCTest.framework */,
			);
			name = Frameworks;
			sourceTree = "<group>";
		};
		9B86FB531879C95A009FE411 /* Tax_Assistant_Lite */ = {
			isa = PBXGroup;
			children = (
				9B86FB5C1879C95A009FE411 /* AppDelegate.h */,
				9B86FB5D1879C95A009FE411 /* AppDelegate.m */,
				9B86FB5F1879C95A009FE411 /* Main.storyboard */,
				9B86FB621879C95A009FE411 /* ViewController.h */,
				9B86FB631879C95A009FE411 /* ViewController.m */,
				9B86FB651879C95A009FE411 /* Images.xcassets */,
				9B86FB541879C95A009FE411 /* Supporting Files */,
			);
			path = Tax_Assistant_Lite;
			sourceTree = "<group>";
		};
		9B86FB541879C95A009FE411 /* Supporting Files */ = {
			isa = PBXGroup;
			children = (
				9B86FB551879C95A009FE411 /* Tax_Assistant_Lite-Info.plist */,
				9B86FB561879C95A009FE411 /* InfoPlist.strings */,
				9B86FB591879C95A009FE411 /* main.m */,
				9B86FB5B1879C95A009FE411 /* Tax_Assistant_Lite-Prefix.pch */,
			);
			name = "Supporting Files";
			sourceTree = "<group>";
		};
		9B86FB721879C95A009FE411 /* Tax_Assistant_LiteTests */ = {
			isa = PBXGroup;
			children = (
				9B86FB781879C95A009FE411 /* Tax_Assistant_LiteTests.m */,
				9B86FB731879C95A009FE411 /* Supporting Files */,
			);
			path = Tax_Assistant_LiteTests;
			sourceTree = "<group>";
		};
		9B86FB731879C95A009FE411 /* Supporting Files */ = {
			isa = PBXGroup;
			children = (
				9B86FB741879C95A009FE411 /* Tax_Assistant_LiteTests-Info.plist */,
				9B86FB751879C95A009FE411 /* InfoPlist.strings */,
			);
			name = "Supporting Files";
			sourceTree = "<group>";
		};
/* End PBXGroup section */

/* Begin PBXNativeTarget section */
		9B86FB491879C95A009FE411 /* Tax_Assistant_Lite */ = {
			isa = PBXNativeTarget;
			buildConfigurationList = 9B86FB7C1879C95A009FE411 /* Build configuration list for PBXNativeTarget "Tax_Assistant_Lite" */;
			buildPhases = (
				9B86FB461879C95A009FE411 /* Sources */,
				9B86FB471879C95A009FE411 /* Frameworks */,
				9B86FB481879C95A009FE411 /* Resources */,
			);
			buildRules = (
			);
			dependencies = (
			);
			name = Tax_Assistant_Lite;
			productName = Tax_Assistant_Lite;
			productReference = 9B86FB4A1879C95A009FE411 /* Tax_Assistant_Lite.app */;
			productType = "com.apple.product-type.application";
		};
		9B86FB6A1879C95A009FE411 /* Tax_Assistant_LiteTests */ = {
			isa = PBXNativeTarget;
			buildConfigurationList = 9B86FB7F1879C95A009FE411 /* Build configuration list for PBXNativeTarget "Tax_Assistant_LiteTests" */;
			buildPhases = (
				9B86FB671879C95A009FE411 /* Sources */,
				9B86FB681879C95A009FE411 /* Frameworks */,
				9B86FB691879C95A009FE411 /* Resources */,
			);
			buildRules = (
			);
			dependencies = (
				9B86FB711879C95A009FE411 /* PBXTargetDependency */,
			);
			name = Tax_Assistant_LiteTests;
			productName = Tax_Assistant_LiteTests;
			productReference = 9B86FB6B1879C95A009FE411 /* Tax_Assistant_LiteTests.xctest */;
			productType = "com.apple.product-type.bundle.unit-test";
		};
/* End PBXNativeTarget section */

/* Begin PBXProject section */
		9B86FB421879C95A009FE411 /* Project object */ = {
			isa = PBXProject;
			attributes = {
				LastUpgradeCheck = 0500;
				ORGANIZATIONNAME = "Magic Entertainment";
				TargetAttributes = {
					9B86FB6A1879C95A009FE411 = {
						TestTargetID = 9B86FB491879C95A009FE411;
					};
				};
			};
			buildConfigurationList = 9B86FB451879C95A009FE411 /* Build configuration list for PBXProject "Tax_Assistant_Lite" */;
			compatibilityVersion = "Xcode 3.2";
			developmentRegion = English;
			hasScannedForEncodings = 0;
			knownRegions = (
				en,
				Base,
			);
			mainGroup = 9B86FB411879C95A009FE411;
			productRefGroup = 9B86FB4B1879C95A009FE411 /* Products */;
			projectDirPath = "";
			projectRoot = "";
			targets = (
				9B86FB491879C95A009FE411 /* Tax_Assistant_Lite */,
				9B86FB6A1879C95A009FE411 /* Tax_Assistant_LiteTests */,
			);
		};
/* End PBXProject section */

/* Begin PBXResourcesBuildPhase section */
		9B86FB481879C95A009FE411 /* Resources */ = {
			isa = PBXResourcesBuildPhase;
			buildActionMask = 2147483647;
			files = (
				9B86FB661879C95A009FE411 /* Images.xcassets in Resources */,
				9B86FB581879C95A009FE411 /* InfoPlist.strings in Resources */,
				9B86FB611879C95A009FE411 /* Main.storyboard in Resources */,
			);
			runOnlyForDeploymentPostprocessing = 0;
		};
		9B86FB691879C95A009FE411 /* Resources */ = {
			isa = PBXResourcesBuildPhase;
			buildActionMask = 2147483647;
			files = (
				9B86FB771879C95A009FE411 /* InfoPlist.strings in Resources */,
			);
			runOnlyForDeploymentPostprocessing = 0;
		};
/* End PBXResourcesBuildPhase section */

/* Begin PBXSourcesBuildPhase section */
		9B86FB461879C95A009FE411 /* Sources */ = {
			isa = PBXSourcesBuildPhase;
			buildActionMask = 2147483647;
			files = (
				9B86FB641879C95A009FE411 /* ViewController.m in Sources */,
				9B86FB5E1879C95A009FE411 /* AppDelegate.m in Sources */,
				9B86FB5A1879C95A009FE411 /* main.m in Sources */,
			);
			runOnlyForDeploymentPostprocessing = 0;
		};
		9B86FB671879C95A009FE411 /* Sources */ = {
			isa = PBXSourcesBuildPhase;
			buildActionMask = 2147483647;
			files = (
				9B86FB791879C95A009FE411 /* Tax_Assistant_LiteTests.m in Sources */,
			);
			runOnlyForDeploymentPostprocessing = 0;
		};
/* End PBXSourcesBuildPhase section */

/* Begin PBXTargetDependency section */
		9B86FB711879C95A009FE411 /* PBXTargetDependency */ = {
			isa = PBXTargetDependency;
			target = 9B86FB491879C95A009FE411 /* Tax_Assistant_Lite */;
			targetProxy = 9B86FB701879C95A009FE411 /* PBXContainerItemProxy */;
		};
/* End PBXTargetDependency section */

/* Begin PBXVariantGroup section */
		9B86FB561879C95A009FE411 /* InfoPlist.strings */ = {
			isa = PBXVariantGroup;
			children = (
				9B86FB571879C95A009FE411 /* en */,
			);
			name = InfoPlist.strings;
			sourceTree = "<group>";
		};
		9B86FB5F1879C95A009FE411 /* Main.storyboard */ = {
			isa = PBXVariantGroup;
			children = (
				9B86FB601879C95A009FE411 /* Base */,
			);
			name = Main.storyboard;
			sourceTree = "<group>";
		};
		9B86FB751879C95A009FE411 /* InfoPlist.strings */ = {
			isa = PBXVariantGroup;
			children = (
				9B86FB761879C95A009FE411 /* en */,
			);
			name = InfoPlist.strings;
			sourceTree = "<group>";
		};
/* End PBXVariantGroup section */

/* Begin XCBuildConfiguration section */
		9B86FB7A1879C95A009FE411 /* Debug */ = {
			isa = XCBuildConfiguration;
			buildSettings = {
				ALWAYS_SEARCH_USER_PATHS = NO;
				ARCHS = "$(ARCHS_STANDARD_INCLUDING_64_BIT)";
				CLANG_CXX_LANGUAGE_STANDARD = "gnu++0x";
				CLANG_CXX_LIBRARY = "libc++";
				CLANG_ENABLE_MODULES = YES;
				CLANG_ENABLE_OBJC_ARC = YES;
				CLANG_WARN_BOOL_CONVERSION = YES;
				CLANG_WARN_CONSTANT_CONVERSION = YES;
				CLANG_WARN_DIRECT_OBJC_ISA_USAGE = YES_ERROR;
				CLANG_WARN_EMPTY_BODY = YES;
				CLANG_WARN_ENUM_CONVERSION = YES;
				CLANG_WARN_INT_CONVERSION = YES;
				CLANG_WARN_OBJC_ROOT_CLASS = YES_ERROR;
				CLANG_WARN__DUPLICATE_METHOD_MATCH = YES;
				"CODE_SIGN_IDENTITY[sdk=iphoneos*]" = "iPhone Developer";
				COPY_PHASE_STRIP = NO;
				GCC_C_LANGUAGE_STANDARD = gnu99;
				GCC_DYNAMIC_NO_PIC = NO;
				GCC_OPTIMIZATION_LEVEL = 0;
				GCC_PREPROCESSOR_DEFINITIONS = (
					"DEBUG=1",
					"$(inherited)",
				);
				GCC_SYMBOLS_PRIVATE_EXTERN = NO;
				GCC_WARN_64_TO_32_BIT_CONVERSION = YES;
				GCC_WARN_ABOUT_RETURN_TYPE = YES_ERROR;
				GCC_WARN_UNDECLARED_SELECTOR = YES;
				GCC_WARN_UNINITIALIZED_AUTOS = YES;
				GCC_WARN_UNUSED_FUNCTION = YES;
				GCC_WARN_UNUSED_VARIABLE = YES;
				IPHONEOS_DEPLOYMENT_TARGET = 7.0;
				ONLY_ACTIVE_ARCH = YES;
				SDKROOT = iphoneos;
			};
			name = Debug;
		};
		9B86FB7B1879C95A009FE411 /* Release */ = {
			isa = XCBuildConfiguration;
			buildSettings = {
				ALWAYS_SEARCH_USER_PATHS = NO;
				ARCHS = "$(ARCHS_STANDARD_INCLUDING_64_BIT)";
				CLANG_CXX_LANGUAGE_STANDARD = "gnu++0x";
				CLANG_CXX_LIBRARY = "libc++";
				CLANG_ENABLE_MODULES = YES;
				CLANG_ENABLE_OBJC_ARC = YES;
				CLANG_WARN_BOOL_CONVERSION = YES;
				CLANG_WARN_CONSTANT_CONVERSION = YES;
				CLANG_WARN_DIRECT_OBJC_ISA_USAGE = YES_ERROR;
				CLANG_WARN_EMPTY_BODY = YES;
				CLANG_WARN_ENUM_CONVERSION = YES;
				CLANG_WARN_INT_CONVERSION = YES;
				CLANG_WARN_OBJC_ROOT_CLASS = YES_ERROR;
				CLANG_WARN__DUPLICATE_METHOD_MATCH = YES;
				"CODE_SIGN_IDENTITY[sdk=iphoneos*]" = "iPhone Developer";
				COPY_PHASE_STRIP = YES;
				ENABLE_NS_ASSERTIONS = NO;
				GCC_C_LANGUAGE_STANDARD = gnu99;
				GCC_WARN_64_TO_32_BIT_CONVERSION = YES;
				GCC_WARN_ABOUT_RETURN_TYPE = YES_ERROR;
				GCC_WARN_UNDECLARED_SELECTOR = YES;
				GCC_WARN_UNINITIALIZED_AUTOS = YES;
				GCC_WARN_UNUSED_FUNCTION = YES;
				GCC_WARN_UNUSED_VARIABLE = YES;
				IPHONEOS_DEPLOYMENT_TARGET = 7.0;
				SDKROOT = iphoneos;
				VALIDATE_PRODUCT = YES;
			};
			name = Release;
		};
		9B86FB7D1879C95A009FE411 /* Debug */ = {
			isa = XCBuildConfiguration;
			buildSettings = {
				ASSETCATALOG_COMPILER_APPICON_NAME = AppIcon;
				ASSETCATALOG_COMPILER_LAUNCHIMAGE_NAME = LaunchImage;
				GCC_PRECOMPILE_PREFIX_HEADER = YES;
				GCC_PREFIX_HEADER = "Tax_Assistant_Lite/Tax_Assistant_Lite-Prefix.pch";
				INFOPLIST_FILE = "Tax_Assistant_Lite/Tax_Assistant_Lite-Info.plist";
				PRODUCT_NAME = "$(TARGET_NAME)";
				WRAPPER_EXTENSION = app;
			};
			name = Debug;
		};
		9B86FB7E1879C95A009FE411 /* Release */ = {
			isa = XCBuildConfiguration;
			buildSettings = {
				ASSETCATALOG_COMPILER_APPICON_NAME = AppIcon;
				ASSETCATALOG_COMPILER_LAUNCHIMAGE_NAME = LaunchImage;
				GCC_PRECOMPILE_PREFIX_HEADER = YES;
				GCC_PREFIX_HEADER = "Tax_Assistant_Lite/Tax_Assistant_Lite-Prefix.pch";
				INFOPLIST_FILE = "Tax_Assistant_Lite/Tax_Assistant_Lite-Info.plist";
				PRODUCT_NAME = "$(TARGET_NAME)";
				WRAPPER_EXTENSION = app;
			};
			name = Release;
		};
		9B86FB801879C95A009FE411 /* Debug */ = {
			isa = XCBuildConfiguration;
			buildSettings = {
				ARCHS = "$(ARCHS_STANDARD_INCLUDING_64_BIT)";
				BUNDLE_LOADER = "$(BUILT_PRODUCTS_DIR)/Tax_Assistant_Lite.app/Tax_Assistant_Lite";
				FRAMEWORK_SEARCH_PATHS = (
					"$(SDKROOT)/Developer/Library/Frameworks",
					"$(inherited)",
					"$(DEVELOPER_FRAMEWORKS_DIR)",
				);
				GCC_PRECOMPILE_PREFIX_HEADER = YES;
				GCC_PREFIX_HEADER = "Tax_Assistant_Lite/Tax_Assistant_Lite-Prefix.pch";
				GCC_PREPROCESSOR_DEFINITIONS = (
					"DEBUG=1",
					"$(inherited)",
				);
				INFOPLIST_FILE = "Tax_Assistant_LiteTests/Tax_Assistant_LiteTests-Info.plist";
				PRODUCT_NAME = "$(TARGET_NAME)";
				TEST_HOST = "$(BUNDLE_LOADER)";
				WRAPPER_EXTENSION = xctest;
			};
			name = Debug;
		};
		9B86FB811879C95A009FE411 /* Release */ = {
			isa = XCBuildConfiguration;
			buildSettings = {
				ARCHS = "$(ARCHS_STANDARD_INCLUDING_64_BIT)";
				BUNDLE_LOADER = "$(BUILT_PRODUCTS_DIR)/Tax_Assistant_Lite.app/Tax_Assistant_Lite";
				FRAMEWORK_SEARCH_PATHS = (
					"$(SDKROOT)/Developer/Library/Frameworks",
					"$(inherited)",
					"$(DEVELOPER_FRAMEWORKS_DIR)",
				);
				GCC_PRECOMPILE_PREFIX_HEADER = YES;
				GCC_PREFIX_HEADER = "Tax_Assistant_Lite/Tax_Assistant_Lite-Prefix.pch";
				INFOPLIST_FILE = "Tax_Assistant_LiteTests/Tax_Assistant_LiteTests-Info.plist";
				PRODUCT_NAME = "$(TARGET_NAME)";
				TEST_HOST = "$(BUNDLE_LOADER)";
				WRAPPER_EXTENSION = xctest;
			};
			name = Release;
		};
/* End XCBuildConfiguration section */

/* Begin XCConfigurationList section */
		9B86FB451879C95A009FE411 /* Build configuration list for PBXProject "Tax_Assistant_Lite" */ = {
			isa = XCConfigurationList;
			buildConfigurations = (
				9B86FB7A1879C95A009FE411 /* Debug */,
				9B86FB7B1879C95A009FE411 /* Release */,
			);
			defaultConfigurationIsVisible = 0;
			defaultConfigurationName = Release;
		};
		9B86FB7C1879C95A009FE411 /* Build configuration list for PBXNativeTarget "Tax_Assistant_Lite" */ = {
			isa = XCConfigurationList;
			buildConfigurations = (
				9B86FB7D1879C95A009FE411 /* Debug */,
				9B86FB7E1879C95A009FE411 /* Release */,
			);
			defaultConfigurationIsVisible = 0;
		};
		9B86FB7F1879C95A009FE411 /* Build configuration list for PBXNativeTarget "Tax_Assistant_LiteTests" */ = {
			isa = XCConfigurationList;
			buildConfigurations = (
				9B86FB801879C95A009FE411 /* Debug */,
				9B86FB811879C95A009FE411 /* Release */,
			);
			defaultConfigurationIsVisible = 0;
		};
/* End XCConfigurationList section */
	};
	rootObject = 9B86FB421879C95A009FE411 /* Project object */;
}
